
Microsoft Visual Studio Solution File, Format Version 12.00
# Visual Studio Version 16
VisualStudioVersion = 16.0.28922.388
MinimumVisualStudioVersion = 10.0.40219.1
Project("{FAE04EC0-301F-11D3-BF4B-00C04F79EFBC}") = "ProjectionTesting.Core", "ProjectionTesting.Core\ProjectionTesting.Core.csproj", "{1FF9C18A-1602-4EB4-B4D2-381E5BFBDB30}"
EndProject
Project("{FAE04EC0-301F-11D3-BF4B-00C04F79EFBC}") = "ProjectionTesting.App", "ProjectionTesting.App\ProjectionTesting.App.csproj", "{B573BF0D-95FC-413D-B547-30640AB58515}"
EndProject
Project("{FAE04EC0-301F-11D3-BF4B-00C04F79EFBC}") = "ProjectionTesting.Data", "ProjectionTesting.Data\ProjectionTesting.Data.csproj", "{73CFB960-25D8-4704-BD21-3995A004E3B0}"
EndProject
Global
	GlobalSection(SolutionConfigurationPlatforms) = preSolution
		Debug|Any CPU = Debug|Any CPU
		Release|Any CPU = Release|Any CPU
	EndGlobalSection
	GlobalSection(ProjectConfigurationPlatforms) = postSolution
		{1FF9C18A-1602-4EB4-B4D2-381E5BFBDB30}.Debug|Any CPU.ActiveCfg = Debug|Any CPU
		{1FF9C18A-1602-4EB4-B4D2-381E5BFBDB30}.Debug|Any CPU.Build.0 = Debug|Any CPU
		{1FF9C18A-1602-4EB4-B4D2-381E5BFBDB30}.Release|Any CPU.ActiveCfg = Release|Any CPU
		{1FF9C18A-1602-4EB4-B4D2-381E5BFBDB30}.Release|Any CPU.Build.0 = Release|Any CPU
		{B573BF0D-95FC-413D-B547-30640AB58515}.Debug|Any CPU.ActiveCfg = Debug|Any CPU
		{B573BF0D-95FC-413D-B547-30640AB58515}.Debug|Any CPU.Build.0 = Debug|Any CPU
		{B573BF0D-95FC-413D-B547-30640AB58515}.Release|Any CPU.ActiveCfg = Release|Any CPU
		{B573BF0D-95FC-413D-B547-30640AB58515}.Release|Any CPU.Build.0 = Release|Any CPU
		{73CFB960-25D8-4704-BD21-3995A004E3B0}.Debug|Any CPU.ActiveCfg = Debug|Any CPU
		{73CFB960-25D8-4704-BD21-3995A004E3B0}.Debug|Any CPU.Build.0 = Debug|Any CPU
		{73CFB960-25D8-4704-BD21-3995A004E3B0}.Release|Any CPU.ActiveCfg = Release|Any CPU
		{73CFB960-25D8-4704-BD21-3995A004E3B0}.Release|Any CPU.Build.0 = Release|Any CPU
	EndGlobalSection
	GlobalSection(SolutionProperties) = preSolution
		HideSolutionNode = FALSE
	EndGlobalSection
	GlobalSection(ExtensibilityGlobals) = postSolution
		SolutionGuid = {57E04A79-1ACE-4520-A1A1-8F8EAE0E7717}
	EndGlobalSection
EndGlobal
